
Microsoft Visual Studio Solution File, Format Version 12.00
# Visual Studio Version 17
VisualStudioVersion = 17.3.32901.215
MinimumVisualStudioVersion = 10.0.40219.1
Project("{888888A0-9F3D-457C-B088-3A5042F75D52}") = "AIS-CJS", "AIS-CJS\AIS-CJS.pyproj", "{F584046A-1B4D-4F30-B78A-8625F5BA953C}"
EndProject
Global
	GlobalSection(SolutionConfigurationPlatforms) = preSolution
		Debug|Any CPU = Debug|Any CPU
		Release|Any CPU = Release|Any CPU
	EndGlobalSection
	GlobalSection(ProjectConfigurationPlatforms) = postSolution
		{F584046A-1B4D-4F30-B78A-8625F5BA953C}.Debug|Any CPU.ActiveCfg = Debug|Any CPU
		{F584046A-1B4D-4F30-B78A-8625F5BA953C}.Release|Any CPU.ActiveCfg = Release|Any CPU
	EndGlobalSection
	GlobalSection(SolutionProperties) = preSolution
		HideSolutionNode = FALSE
	EndGlobalSection
	GlobalSection(ExtensibilityGlobals) = postSolution
		SolutionGuid = {887C7111-05FE-4064-A1AA-681537639919}
	EndGlobalSection
EndGlobal
